
Microsoft Visual Studio Solution File, Format Version 12.00
# Visual Studio Version 17
VisualStudioVersion = 17.8.34322.80
MinimumVisualStudioVersion = 10.0.40219.1
Project("{FAE04EC0-301F-11D3-BF4B-00C04F79EFBC}") = "WebStoreFall2024", "WebStoreFall2024\WebStoreFall2024.csproj", "{BA1CDB4F-F559-4662-8381-450295C84577}"
EndProject
Global
	GlobalSection(SolutionConfigurationPlatforms) = preSolution
		Debug|Any CPU = Debug|Any CPU
		Release|Any CPU = Release|Any CPU
	EndGlobalSection
	GlobalSection(ProjectConfigurationPlatforms) = postSolution
		{BA1CDB4F-F559-4662-8381-450295C84577}.Debug|Any CPU.ActiveCfg = Debug|Any CPU
		{BA1CDB4F-F559-4662-8381-450295C84577}.Debug|Any CPU.Build.0 = Debug|Any CPU
		{BA1CDB4F-F559-4662-8381-450295C84577}.Release|Any CPU.ActiveCfg = Release|Any CPU
		{BA1CDB4F-F559-4662-8381-450295C84577}.Release|Any CPU.Build.0 = Release|Any CPU
	EndGlobalSection
	GlobalSection(SolutionProperties) = preSolution
		HideSolutionNode = FALSE
	EndGlobalSection
	GlobalSection(ExtensibilityGlobals) = postSolution
		SolutionGuid = {4BD15491-64B1-4AD6-884B-43077CA23C11}
	EndGlobalSection
EndGlobal
